
Microsoft Visual Studio Solution File, Format Version 12.00
# Visual Studio 2013
VisualStudioVersion = 12.0.30723.0
MinimumVisualStudioVersion = 10.0.40219.1
Project("{2150E333-8FDC-42A3-9474-1A3956D46DE8}") = ".nuget", ".nuget", "{A20BB789-6112-4134-B5D1-C2C054895690}"
	ProjectSection(SolutionItems) = preProject
		.nuget\packages.config = .nuget\packages.config
	EndProjectSection
EndProject
Project("{2150E333-8FDC-42A3-9474-1A3956D46DE8}") = "Solution items", "Solution items", "{2D20A539-8671-4E6F-9D16-2505F6275F38}"
	ProjectSection(SolutionItems) = preProject
		build.bat = build.bat
		build.fsx = build.fsx
	EndProjectSection
EndProject
Project("{F2A71F9B-5D33-465A-A702-920D77279786}") = "TurtlePainterPlay", "src\Turtle\TurtlePainterPlay\TurtlePainterPlay.fsproj", "{A0DB9AD5-B49F-49E4-A217-5A07F28AE423}"
EndProject
Project("{F2A71F9B-5D33-465A-A702-920D77279786}") = "Turtles", "src\Turtle\Turtles\Turtles.fsproj", "{CCFF9E3B-F61D-4908-912E-0823C9EA8D12}"
EndProject
Project("{F2A71F9B-5D33-465A-A702-920D77279786}") = "Turtles.Test", "src\Test\Turtles.Test\Turtles.Test.fsproj", "{E236D053-01FD-48A8-BED6-4B9EC54EF761}"
EndProject
Project("{2150E333-8FDC-42A3-9474-1A3956D46DE8}") = "Docs", "Docs", "{087EE13B-1B93-4B23-A639-4C4BA9B6BBD9}"
	ProjectSection(SolutionItems) = preProject
		Docs.fsx = Docs.fsx
		template.html = template.html
	EndProjectSection
EndProject
Global
	GlobalSection(SolutionConfigurationPlatforms) = preSolution
		Debug|Any CPU = Debug|Any CPU
		Debug|Mixed Platforms = Debug|Mixed Platforms
		Debug|x86 = Debug|x86
		Release|Any CPU = Release|Any CPU
		Release|Mixed Platforms = Release|Mixed Platforms
		Release|x86 = Release|x86
	EndGlobalSection
	GlobalSection(ProjectConfigurationPlatforms) = postSolution
		{A0DB9AD5-B49F-49E4-A217-5A07F28AE423}.Debug|Any CPU.ActiveCfg = Debug|Any CPU
		{A0DB9AD5-B49F-49E4-A217-5A07F28AE423}.Debug|Any CPU.Build.0 = Debug|Any CPU
		{A0DB9AD5-B49F-49E4-A217-5A07F28AE423}.Debug|Mixed Platforms.ActiveCfg = Debug|Any CPU
		{A0DB9AD5-B49F-49E4-A217-5A07F28AE423}.Debug|Mixed Platforms.Build.0 = Debug|Any CPU
		{A0DB9AD5-B49F-49E4-A217-5A07F28AE423}.Debug|x86.ActiveCfg = Debug|Any CPU
		{A0DB9AD5-B49F-49E4-A217-5A07F28AE423}.Release|Any CPU.ActiveCfg = Release|Any CPU
		{A0DB9AD5-B49F-49E4-A217-5A07F28AE423}.Release|Any CPU.Build.0 = Release|Any CPU
		{A0DB9AD5-B49F-49E4-A217-5A07F28AE423}.Release|Mixed Platforms.ActiveCfg = Release|Any CPU
		{A0DB9AD5-B49F-49E4-A217-5A07F28AE423}.Release|Mixed Platforms.Build.0 = Release|Any CPU
		{A0DB9AD5-B49F-49E4-A217-5A07F28AE423}.Release|x86.ActiveCfg = Release|Any CPU
		{CCFF9E3B-F61D-4908-912E-0823C9EA8D12}.Debug|Any CPU.ActiveCfg = Debug|Any CPU
		{CCFF9E3B-F61D-4908-912E-0823C9EA8D12}.Debug|Any CPU.Build.0 = Debug|Any CPU
		{CCFF9E3B-F61D-4908-912E-0823C9EA8D12}.Debug|Mixed Platforms.ActiveCfg = Debug|Any CPU
		{CCFF9E3B-F61D-4908-912E-0823C9EA8D12}.Debug|Mixed Platforms.Build.0 = Debug|Any CPU
		{CCFF9E3B-F61D-4908-912E-0823C9EA8D12}.Debug|x86.ActiveCfg = Debug|Any CPU
		{CCFF9E3B-F61D-4908-912E-0823C9EA8D12}.Release|Any CPU.ActiveCfg = Release|Any CPU
		{CCFF9E3B-F61D-4908-912E-0823C9EA8D12}.Release|Any CPU.Build.0 = Release|Any CPU
		{CCFF9E3B-F61D-4908-912E-0823C9EA8D12}.Release|Mixed Platforms.ActiveCfg = Release|Any CPU
		{CCFF9E3B-F61D-4908-912E-0823C9EA8D12}.Release|Mixed Platforms.Build.0 = Release|Any CPU
		{CCFF9E3B-F61D-4908-912E-0823C9EA8D12}.Release|x86.ActiveCfg = Release|Any CPU
		{E236D053-01FD-48A8-BED6-4B9EC54EF761}.Debug|Any CPU.ActiveCfg = Debug|Any CPU
		{E236D053-01FD-48A8-BED6-4B9EC54EF761}.Debug|Any CPU.Build.0 = Debug|Any CPU
		{E236D053-01FD-48A8-BED6-4B9EC54EF761}.Debug|Mixed Platforms.ActiveCfg = Debug|Any CPU
		{E236D053-01FD-48A8-BED6-4B9EC54EF761}.Debug|Mixed Platforms.Build.0 = Debug|Any CPU
		{E236D053-01FD-48A8-BED6-4B9EC54EF761}.Debug|x86.ActiveCfg = Debug|Any CPU
		{E236D053-01FD-48A8-BED6-4B9EC54EF761}.Release|Any CPU.ActiveCfg = Release|Any CPU
		{E236D053-01FD-48A8-BED6-4B9EC54EF761}.Release|Any CPU.Build.0 = Release|Any CPU
		{E236D053-01FD-48A8-BED6-4B9EC54EF761}.Release|Mixed Platforms.ActiveCfg = Release|Any CPU
		{E236D053-01FD-48A8-BED6-4B9EC54EF761}.Release|Mixed Platforms.Build.0 = Release|Any CPU
		{E236D053-01FD-48A8-BED6-4B9EC54EF761}.Release|x86.ActiveCfg = Release|Any CPU
	EndGlobalSection
	GlobalSection(SolutionProperties) = preSolution
		HideSolutionNode = FALSE
	EndGlobalSection
EndGlobal
